
Microsoft Visual Studio Solution File, Format Version 12.00
# Visual Studio Version 17
VisualStudioVersion = 17.4.33205.214
MinimumVisualStudioVersion = 10.0.40219.1
Project("{888888A0-9F3D-457C-B088-3A5042F75D52}") = "palgadpraktiline", "palgadpraktiline.pyproj", "{291CE06D-0E40-481C-B1CF-4F0609D5B820}"
EndProject
Global
	GlobalSection(SolutionConfigurationPlatforms) = preSolution
		Debug|Any CPU = Debug|Any CPU
		Release|Any CPU = Release|Any CPU
	EndGlobalSection
	GlobalSection(ProjectConfigurationPlatforms) = postSolution
		{291CE06D-0E40-481C-B1CF-4F0609D5B820}.Debug|Any CPU.ActiveCfg = Debug|Any CPU
		{291CE06D-0E40-481C-B1CF-4F0609D5B820}.Release|Any CPU.ActiveCfg = Release|Any CPU
	EndGlobalSection
	GlobalSection(SolutionProperties) = preSolution
		HideSolutionNode = FALSE
	EndGlobalSection
	GlobalSection(ExtensibilityGlobals) = postSolution
		SolutionGuid = {23054180-1686-436B-886B-9FFA24C3A8E3}
	EndGlobalSection
EndGlobal
